// !$*UTF8*$!
{
	archiveVersion = 1;
	classes = {
	};
	objectVersion = 56;
	objects = {

/* Begin PBXBuildFile section */
		356516C9291C51F5006A460B /* Assets.xcassets in Resources */ = {isa = PBXBuildFile; fileRef = 356516C8291C51F5006A460B /* Assets.xcassets */; };
		356516CC291C51F5006A460B /* Preview Assets.xcassets in Resources */ = {isa = PBXBuildFile; fileRef = 356516CB291C51F5006A460B /* Preview Assets.xcassets */; };
		35A65BF92A4229BD008EEF76 /* model_ml.mlmodel in Sources */ = {isa = PBXBuildFile; fileRef = 35A65BF82A4229BD008EEF76 /* model_ml.mlmodel */; };
		35AE2B622A4213170023D8B4 /* TorchManager.swift in Sources */ = {isa = PBXBuildFile; fileRef = 35AE2B612A4213170023D8B4 /* TorchManager.swift */; };
		35E7F286297C2686006A20FC /* App.swift in Sources */ = {isa = PBXBuildFile; fileRef = 35E7F285297C2686006A20FC /* App.swift */; };
		35E7F292297C279D006A20FC /* ContentViewModel.swift in Sources */ = {isa = PBXBuildFile; fileRef = 35E7F291297C279D006A20FC /* ContentViewModel.swift */; };
		35E7F294297C27AD006A20FC /* ContentView.swift in Sources */ = {isa = PBXBuildFile; fileRef = 35E7F293297C27AD006A20FC /* ContentView.swift */; };
		35E7F299297C27B9006A20FC /* PredictionsView.swift in Sources */ = {isa = PBXBuildFile; fileRef = 35E7F295297C27B9006A20FC /* PredictionsView.swift */; };
		35E7F29A297C27B9006A20FC /* DeveloperView.swift in Sources */ = {isa = PBXBuildFile; fileRef = 35E7F296297C27B9006A20FC /* DeveloperView.swift */; };
		35E7F29B297C27B9006A20FC /* FrameView.swift in Sources */ = {isa = PBXBuildFile; fileRef = 35E7F297297C27B9006A20FC /* FrameView.swift */; };
		35E7F29C297C27B9006A20FC /* ErrorView.swift in Sources */ = {isa = PBXBuildFile; fileRef = 35E7F298297C27B9006A20FC /* ErrorView.swift */; };
		35E7F2A0297C2810006A20FC /* ClassifierError.swift in Sources */ = {isa = PBXBuildFile; fileRef = 35E7F29E297C2810006A20FC /* ClassifierError.swift */; };
		35E7F2A1297C2810006A20FC /* Classifier.swift in Sources */ = {isa = PBXBuildFile; fileRef = 35E7F29F297C2810006A20FC /* Classifier.swift */; };
		35E7F2A7297C282A006A20FC /* PublisherExtension.swift in Sources */ = {isa = PBXBuildFile; fileRef = 35E7F2A2297C282A006A20FC /* PublisherExtension.swift */; };
		35E7F2A8297C282A006A20FC /* ViewExtension.swift in Sources */ = {isa = PBXBuildFile; fileRef = 35E7F2A3297C282A006A20FC /* ViewExtension.swift */; };
		35E7F2A9297C282A006A20FC /* ClassifierOutputExtension.swift in Sources */ = {isa = PBXBuildFile; fileRef = 35E7F2A4297C282A006A20FC /* ClassifierOutputExtension.swift */; };
		35E7F2AA297C282A006A20FC /* CGImageExtension.swift in Sources */ = {isa = PBXBuildFile; fileRef = 35E7F2A5297C282A006A20FC /* CGImageExtension.swift */; };
		35E7F2AB297C282A006A20FC /* UIDeviceOrientationExtension.swift in Sources */ = {isa = PBXBuildFile; fileRef = 35E7F2A6297C282A006A20FC /* UIDeviceOrientationExtension.swift */; };
		35E7F2AF297C28A4006A20FC /* CameraManager.swift in Sources */ = {isa = PBXBuildFile; fileRef = 35E7F2AC297C28A4006A20FC /* CameraManager.swift */; };
		35E7F2B0297C28A4006A20FC /* FrameManager.swift in Sources */ = {isa = PBXBuildFile; fileRef = 35E7F2AD297C28A4006A20FC /* FrameManager.swift */; };
		35E7F2B1297C28A4006A20FC /* CameraError.swift in Sources */ = {isa = PBXBuildFile; fileRef = 35E7F2AE297C28A4006A20FC /* CameraError.swift */; };
		35E7F2B3297C28B8006A20FC /* DeviceRotationModifier.swift in Sources */ = {isa = PBXBuildFile; fileRef = 35E7F2B2297C28B8006A20FC /* DeviceRotationModifier.swift */; };
/* End PBXBuildFile section */

/* Begin PBXFileReference section */
		356516C1291C51F4006A460B /* PolishBanknotesApp.app */ = {isa = PBXFileReference; explicitFileType = wrapper.application; includeInIndex = 0; path = PolishBanknotesApp.app; sourceTree = BUILT_PRODUCTS_DIR; };
		356516C8291C51F5006A460B /* Assets.xcassets */ = {isa = PBXFileReference; lastKnownFileType = folder.assetcatalog; path = Assets.xcassets; sourceTree = "<group>"; };
		356516CB291C51F5006A460B /* Preview Assets.xcassets */ = {isa = PBXFileReference; lastKnownFileType = folder.assetcatalog; path = "Preview Assets.xcassets"; sourceTree = "<group>"; };
		35A65BF82A4229BD008EEF76 /* model_ml.mlmodel */ = {isa = PBXFileReference; lastKnownFileType = file.mlmodel; path = model_ml.mlmodel; sourceTree = "<group>"; };
		35AE2B612A4213170023D8B4 /* TorchManager.swift */ = {isa = PBXFileReference; lastKnownFileType = sourcecode.swift; path = TorchManager.swift; sourceTree = "<group>"; };
		35E7F285297C2686006A20FC /* App.swift */ = {isa = PBXFileReference; lastKnownFileType = sourcecode.swift; path = App.swift; sourceTree = "<group>"; };
		35E7F291297C279D006A20FC /* ContentViewModel.swift */ = {isa = PBXFileReference; fileEncoding = 4; lastKnownFileType = sourcecode.swift; path = ContentViewModel.swift; sourceTree = "<group>"; };
		35E7F293297C27AD006A20FC /* ContentView.swift */ = {isa = PBXFileReference; fileEncoding = 4; lastKnownFileType = sourcecode.swift; path = ContentView.swift; sourceTree = "<group>"; };
		35E7F295297C27B9006A20FC /* PredictionsView.swift */ = {isa = PBXFileReference; fileEncoding = 4; lastKnownFileType = sourcecode.swift; path = PredictionsView.swift; sourceTree = "<group>"; };
		35E7F296297C27B9006A20FC /* DeveloperView.swift */ = {isa = PBXFileReference; fileEncoding = 4; lastKnownFileType = sourcecode.swift; path = DeveloperView.swift; sourceTree = "<group>"; usesTabs = 0; };
		35E7F297297C27B9006A20FC /* FrameView.swift */ = {isa = PBXFileReference; fileEncoding = 4; lastKnownFileType = sourcecode.swift; path = FrameView.swift; sourceTree = "<group>"; };
		35E7F298297C27B9006A20FC /* ErrorView.swift */ = {isa = PBXFileReference; fileEncoding = 4; lastKnownFileType = sourcecode.swift; path = ErrorView.swift; sourceTree = "<group>"; };
		35E7F29E297C2810006A20FC /* ClassifierError.swift */ = {isa = PBXFileReference; fileEncoding = 4; lastKnownFileType = sourcecode.swift; path = ClassifierError.swift; sourceTree = "<group>"; };
		35E7F29F297C2810006A20FC /* Classifier.swift */ = {isa = PBXFileReference; fileEncoding = 4; lastKnownFileType = sourcecode.swift; path = Classifier.swift; sourceTree = "<group>"; };
		35E7F2A2297C282A006A20FC /* PublisherExtension.swift */ = {isa = PBXFileReference; fileEncoding = 4; lastKnownFileType = sourcecode.swift; path = PublisherExtension.swift; sourceTree = "<group>"; };
		35E7F2A3297C282A006A20FC /* ViewExtension.swift */ = {isa = PBXFileReference; fileEncoding = 4; lastKnownFileType = sourcecode.swift; path = ViewExtension.swift; sourceTree = "<group>"; };
		35E7F2A4297C282A006A20FC /* ClassifierOutputExtension.swift */ = {isa = PBXFileReference; fileEncoding = 4; lastKnownFileType = sourcecode.swift; path = ClassifierOutputExtension.swift; sourceTree = "<group>"; };
		35E7F2A5297C282A006A20FC /* CGImageExtension.swift */ = {isa = PBXFileReference; fileEncoding = 4; lastKnownFileType = sourcecode.swift; path = CGImageExtension.swift; sourceTree = "<group>"; };
		35E7F2A6297C282A006A20FC /* UIDeviceOrientationExtension.swift */ = {isa = PBXFileReference; fileEncoding = 4; lastKnownFileType = sourcecode.swift; path = UIDeviceOrientationExtension.swift; sourceTree = "<group>"; };
		35E7F2AC297C28A4006A20FC /* CameraManager.swift */ = {isa = PBXFileReference; fileEncoding = 4; lastKnownFileType = sourcecode.swift; path = CameraManager.swift; sourceTree = "<group>"; };
		35E7F2AD297C28A4006A20FC /* FrameManager.swift */ = {isa = PBXFileReference; fileEncoding = 4; lastKnownFileType = sourcecode.swift; path = FrameManager.swift; sourceTree = "<group>"; };
		35E7F2AE297C28A4006A20FC /* CameraError.swift */ = {isa = PBXFileReference; fileEncoding = 4; lastKnownFileType = sourcecode.swift; path = CameraError.swift; sourceTree = "<group>"; };
		35E7F2B2297C28B8006A20FC /* DeviceRotationModifier.swift */ = {isa = PBXFileReference; fileEncoding = 4; lastKnownFileType = sourcecode.swift; path = DeviceRotationModifier.swift; sourceTree = "<group>"; };
		35E7F2B9297C2A56006A20FC /* Info.plist */ = {isa = PBXFileReference; lastKnownFileType = text.plist; path = Info.plist; sourceTree = "<group>"; };
/* End PBXFileReference section */

/* Begin PBXFrameworksBuildPhase section */
		356516BE291C51F4006A460B /* Frameworks */ = {
			isa = PBXFrameworksBuildPhase;
			buildActionMask = 2147483647;
			files = (
			);
			runOnlyForDeploymentPostprocessing = 0;
		};
/* End PBXFrameworksBuildPhase section */

/* Begin PBXGroup section */
		356516B8291C51F4006A460B = {
			isa = PBXGroup;
			children = (
				356516C3291C51F4006A460B /* PolishBanknotesApp */,
				356516C2291C51F4006A460B /* Products */,
			);
			sourceTree = "<group>";
		};
		356516C2291C51F4006A460B /* Products */ = {
			isa = PBXGroup;
			children = (
				356516C1291C51F4006A460B /* PolishBanknotesApp.app */,
			);
			name = Products;
			sourceTree = "<group>";
		};
		356516C3291C51F4006A460B /* PolishBanknotesApp */ = {
			isa = PBXGroup;
			children = (
				35AE2B602A4212EB0023D8B4 /* Torch */,
				35E7F2B9297C2A56006A20FC /* Info.plist */,
				35E7F285297C2686006A20FC /* App.swift */,
				35E7F28B297C26DC006A20FC /* Camera */,
				35E7F28A297C26D2006A20FC /* Extensions */,
				35E7F289297C26C9006A20FC /* Views */,
				35E7F288297C26BE006A20FC /* ViewModel */,
				35E7F287297C26B1006A20FC /* Classifier */,
				356516C8291C51F5006A460B /* Assets.xcassets */,
				356516CA291C51F5006A460B /* Preview Content */,
			);
			path = PolishBanknotesApp;
			sourceTree = "<group>";
		};
		356516CA291C51F5006A460B /* Preview Content */ = {
			isa = PBXGroup;
			children = (
				356516CB291C51F5006A460B /* Preview Assets.xcassets */,
			);
			path = "Preview Content";
			sourceTree = "<group>";
		};
		35AE2B602A4212EB0023D8B4 /* Torch */ = {
			isa = PBXGroup;
			children = (
				35AE2B612A4213170023D8B4 /* TorchManager.swift */,
			);
			path = Torch;
			sourceTree = "<group>";
		};
		35E7F287297C26B1006A20FC /* Classifier */ = {
			isa = PBXGroup;
			children = (
				35E7F29F297C2810006A20FC /* Classifier.swift */,
				35E7F29E297C2810006A20FC /* ClassifierError.swift */,
				35E7F28C297C26FC006A20FC /* Models */,
			);
			path = Classifier;
			sourceTree = "<group>";
		};
		35E7F288297C26BE006A20FC /* ViewModel */ = {
			isa = PBXGroup;
			children = (
				35E7F291297C279D006A20FC /* ContentViewModel.swift */,
			);
			path = ViewModel;
			sourceTree = "<group>";
		};
		35E7F289297C26C9006A20FC /* Views */ = {
			isa = PBXGroup;
			children = (
				35E7F29D297C27C1006A20FC /* Modifiers */,
				35E7F296297C27B9006A20FC /* DeveloperView.swift */,
				35E7F298297C27B9006A20FC /* ErrorView.swift */,
				35E7F297297C27B9006A20FC /* FrameView.swift */,
				35E7F295297C27B9006A20FC /* PredictionsView.swift */,
				35E7F293297C27AD006A20FC /* ContentView.swift */,
			);
			path = Views;
			sourceTree = "<group>";
		};
		35E7F28A297C26D2006A20FC /* Extensions */ = {
			isa = PBXGroup;
			children = (
				35E7F2A5297C282A006A20FC /* CGImageExtension.swift */,
				35E7F2A4297C282A006A20FC /* ClassifierOutputExtension.swift */,
				35E7F2A2297C282A006A20FC /* PublisherExtension.swift */,
				35E7F2A6297C282A006A20FC /* UIDeviceOrientationExtension.swift */,
				35E7F2A3297C282A006A20FC /* ViewExtension.swift */,
			);
			path = Extensions;
			sourceTree = "<group>";
		};
		35E7F28B297C26DC006A20FC /* Camera */ = {
			isa = PBXGroup;
			children = (
				35E7F2AE297C28A4006A20FC /* CameraError.swift */,
				35E7F2AC297C28A4006A20FC /* CameraManager.swift */,
				35E7F2AD297C28A4006A20FC /* FrameManager.swift */,
			);
			path = Camera;
			sourceTree = "<group>";
		};
		35E7F28C297C26FC006A20FC /* Models */ = {
			isa = PBXGroup;
			children = (
				35A65BF82A4229BD008EEF76 /* model_ml.mlmodel */,
			);
			path = Models;
			sourceTree = "<group>";
		};
		35E7F29D297C27C1006A20FC /* Modifiers */ = {
			isa = PBXGroup;
			children = (
				35E7F2B2297C28B8006A20FC /* DeviceRotationModifier.swift */,
			);
			path = Modifiers;
			sourceTree = "<group>";
		};
/* End PBXGroup section */

/* Begin PBXNativeTarget section */
		356516C0291C51F4006A460B /* PolishBanknotesApp */ = {
			isa = PBXNativeTarget;
			buildConfigurationList = 356516CF291C51F5006A460B /* Build configuration list for PBXNativeTarget "PolishBanknotesApp" */;
			buildPhases = (
				356516BD291C51F4006A460B /* Sources */,
				356516BE291C51F4006A460B /* Frameworks */,
				356516BF291C51F4006A460B /* Resources */,
			);
			buildRules = (
			);
			dependencies = (
			);
			name = PolishBanknotesApp;
			productName = PolishBanknotesApp;
			productReference = 356516C1291C51F4006A460B /* PolishBanknotesApp.app */;
			productType = "com.apple.product-type.application";
		};
/* End PBXNativeTarget section */

/* Begin PBXProject section */
		356516B9291C51F4006A460B /* Project object */ = {
			isa = PBXProject;
			attributes = {
				BuildIndependentTargetsInParallel = 1;
				LastSwiftUpdateCheck = 1400;
				LastUpgradeCheck = 1400;
				TargetAttributes = {
					356516C0291C51F4006A460B = {
						CreatedOnToolsVersion = 14.0.1;
						LastSwiftMigration = 1420;
					};
				};
			};
			buildConfigurationList = 356516BC291C51F4006A460B /* Build configuration list for PBXProject "PolishBanknotesApp" */;
			compatibilityVersion = "Xcode 14.0";
			developmentRegion = en;
			hasScannedForEncodings = 0;
			knownRegions = (
				en,
				Base,
			);
			mainGroup = 356516B8291C51F4006A460B;
			productRefGroup = 356516C2291C51F4006A460B /* Products */;
			projectDirPath = "";
			projectRoot = "";
			targets = (
				356516C0291C51F4006A460B /* PolishBanknotesApp */,
			);
		};
/* End PBXProject section */

/* Begin PBXResourcesBuildPhase section */
		356516BF291C51F4006A460B /* Resources */ = {
			isa = PBXResourcesBuildPhase;
			buildActionMask = 2147483647;
			files = (
				356516CC291C51F5006A460B /* Preview Assets.xcassets in Resources */,
				356516C9291C51F5006A460B /* Assets.xcassets in Resources */,
			);
			runOnlyForDeploymentPostprocessing = 0;
		};
/* End PBXResourcesBuildPhase section */

/* Begin PBXSourcesBuildPhase section */
		356516BD291C51F4006A460B /* Sources */ = {
			isa = PBXSourcesBuildPhase;
			buildActionMask = 2147483647;
			files = (
				35E7F2B1297C28A4006A20FC /* CameraError.swift in Sources */,
				35E7F29B297C27B9006A20FC /* FrameView.swift in Sources */,
				35E7F2A1297C2810006A20FC /* Classifier.swift in Sources */,
				35AE2B622A4213170023D8B4 /* TorchManager.swift in Sources */,
				35E7F292297C279D006A20FC /* ContentViewModel.swift in Sources */,
				35E7F2B0297C28A4006A20FC /* FrameManager.swift in Sources */,
				35E7F299297C27B9006A20FC /* PredictionsView.swift in Sources */,
				35E7F2AF297C28A4006A20FC /* CameraManager.swift in Sources */,
				35E7F294297C27AD006A20FC /* ContentView.swift in Sources */,
				35E7F286297C2686006A20FC /* App.swift in Sources */,
				35E7F2AB297C282A006A20FC /* UIDeviceOrientationExtension.swift in Sources */,
				35A65BF92A4229BD008EEF76 /* model_ml.mlmodel in Sources */,
				35E7F2B3297C28B8006A20FC /* DeviceRotationModifier.swift in Sources */,
				35E7F2A8297C282A006A20FC /* ViewExtension.swift in Sources */,
				35E7F29A297C27B9006A20FC /* DeveloperView.swift in Sources */,
				35E7F29C297C27B9006A20FC /* ErrorView.swift in Sources */,
				35E7F2A9297C282A006A20FC /* ClassifierOutputExtension.swift in Sources */,
				35E7F2A7297C282A006A20FC /* PublisherExtension.swift in Sources */,
				35E7F2A0297C2810006A20FC /* ClassifierError.swift in Sources */,
				35E7F2AA297C282A006A20FC /* CGImageExtension.swift in Sources */,
			);
			runOnlyForDeploymentPostprocessing = 0;
		};
/* End PBXSourcesBuildPhase section */

/* Begin XCBuildConfiguration section */
		356516CD291C51F5006A460B /* Debug */ = {
			isa = XCBuildConfiguration;
			buildSettings = {
				ALWAYS_SEARCH_USER_PATHS = NO;
				CLANG_ANALYZER_NONNULL = YES;
				CLANG_ANALYZER_NUMBER_OBJECT_CONVERSION = YES_AGGRESSIVE;
				CLANG_CXX_LANGUAGE_STANDARD = "gnu++20";
				CLANG_ENABLE_MODULES = YES;
				CLANG_ENABLE_OBJC_ARC = YES;
				CLANG_ENABLE_OBJC_WEAK = YES;
				CLANG_WARN_BLOCK_CAPTURE_AUTORELEASING = YES;
				CLANG_WARN_BOOL_CONVERSION = YES;
				CLANG_WARN_COMMA = YES;
				CLANG_WARN_CONSTANT_CONVERSION = YES;
				CLANG_WARN_DEPRECATED_OBJC_IMPLEMENTATIONS = YES;
				CLANG_WARN_DIRECT_OBJC_ISA_USAGE = YES_ERROR;
				CLANG_WARN_DOCUMENTATION_COMMENTS = YES;
				CLANG_WARN_EMPTY_BODY = YES;
				CLANG_WARN_ENUM_CONVERSION = YES;
				CLANG_WARN_INFINITE_RECURSION = YES;
				CLANG_WARN_INT_CONVERSION = YES;
				CLANG_WARN_NON_LITERAL_NULL_CONVERSION = YES;
				CLANG_WARN_OBJC_IMPLICIT_RETAIN_SELF = YES;
				CLANG_WARN_OBJC_LITERAL_CONVERSION = YES;
				CLANG_WARN_OBJC_ROOT_CLASS = YES_ERROR;
				CLANG_WARN_QUOTED_INCLUDE_IN_FRAMEWORK_HEADER = YES;
				CLANG_WARN_RANGE_LOOP_ANALYSIS = YES;
				CLANG_WARN_STRICT_PROTOTYPES = YES;
				CLANG_WARN_SUSPICIOUS_MOVE = YES;
				CLANG_WARN_UNGUARDED_AVAILABILITY = YES_AGGRESSIVE;
				CLANG_WARN_UNREACHABLE_CODE = YES;
				CLANG_WARN__DUPLICATE_METHOD_MATCH = YES;
				COPY_PHASE_STRIP = NO;
				DEBUG_INFORMATION_FORMAT = dwarf;
				ENABLE_STRICT_OBJC_MSGSEND = YES;
				ENABLE_TESTABILITY = YES;
				GCC_C_LANGUAGE_STANDARD = gnu11;
				GCC_DYNAMIC_NO_PIC = NO;
				GCC_NO_COMMON_BLOCKS = YES;
				GCC_OPTIMIZATION_LEVEL = 0;
				GCC_PREPROCESSOR_DEFINITIONS = (
					"DEBUG=1",
					"$(inherited)",
				);
				GCC_WARN_64_TO_32_BIT_CONVERSION = YES;
				GCC_WARN_ABOUT_RETURN_TYPE = YES_ERROR;
				GCC_WARN_UNDECLARED_SELECTOR = YES;
				GCC_WARN_UNINITIALIZED_AUTOS = YES_AGGRESSIVE;
				GCC_WARN_UNUSED_FUNCTION = YES;
				GCC_WARN_UNUSED_VARIABLE = YES;
				IPHONEOS_DEPLOYMENT_TARGET = 15.6;
				MTL_ENABLE_DEBUG_INFO = INCLUDE_SOURCE;
				MTL_FAST_MATH = YES;
				ONLY_ACTIVE_ARCH = YES;
				SDKROOT = iphoneos;
				SWIFT_ACTIVE_COMPILATION_CONDITIONS = DEBUG;
				SWIFT_OPTIMIZATION_LEVEL = "-Onone";
			};
			name = Debug;
		};
		356516CE291C51F5006A460B /* Release */ = {
			isa = XCBuildConfiguration;
			buildSettings = {
				ALWAYS_SEARCH_USER_PATHS = NO;
				CLANG_ANALYZER_NONNULL = YES;
				CLANG_ANALYZER_NUMBER_OBJECT_CONVERSION = YES_AGGRESSIVE;
				CLANG_CXX_LANGUAGE_STANDARD = "gnu++20";
				CLANG_ENABLE_MODULES = YES;
				CLANG_ENABLE_OBJC_ARC = YES;
				CLANG_ENABLE_OBJC_WEAK = YES;
				CLANG_WARN_BLOCK_CAPTURE_AUTORELEASING = YES;
				CLANG_WARN_BOOL_CONVERSION = YES;
				CLANG_WARN_COMMA = YES;
				CLANG_WARN_CONSTANT_CONVERSION = YES;
				CLANG_WARN_DEPRECATED_OBJC_IMPLEMENTATIONS = YES;
				CLANG_WARN_DIRECT_OBJC_ISA_USAGE = YES_ERROR;
				CLANG_WARN_DOCUMENTATION_COMMENTS = YES;
				CLANG_WARN_EMPTY_BODY = YES;
				CLANG_WARN_ENUM_CONVERSION = YES;
				CLANG_WARN_INFINITE_RECURSION = YES;
				CLANG_WARN_INT_CONVERSION = YES;
				CLANG_WARN_NON_LITERAL_NULL_CONVERSION = YES;
				CLANG_WARN_OBJC_IMPLICIT_RETAIN_SELF = YES;
				CLANG_WARN_OBJC_LITERAL_CONVERSION = YES;
				CLANG_WARN_OBJC_ROOT_CLASS = YES_ERROR;
				CLANG_WARN_QUOTED_INCLUDE_IN_FRAMEWORK_HEADER = YES;
				CLANG_WARN_RANGE_LOOP_ANALYSIS = YES;
				CLANG_WARN_STRICT_PROTOTYPES = YES;
				CLANG_WARN_SUSPICIOUS_MOVE = YES;
				CLANG_WARN_UNGUARDED_AVAILABILITY = YES_AGGRESSIVE;
				CLANG_WARN_UNREACHABLE_CODE = YES;
				CLANG_WARN__DUPLICATE_METHOD_MATCH = YES;
				COPY_PHASE_STRIP = NO;
				DEBUG_INFORMATION_FORMAT = "dwarf-with-dsym";
				ENABLE_NS_ASSERTIONS = NO;
				ENABLE_STRICT_OBJC_MSGSEND = YES;
				GCC_C_LANGUAGE_STANDARD = gnu11;
				GCC_NO_COMMON_BLOCKS = YES;
				GCC_WARN_64_TO_32_BIT_CONVERSION = YES;
				GCC_WARN_ABOUT_RETURN_TYPE = YES_ERROR;
				GCC_WARN_UNDECLARED_SELECTOR = YES;
				GCC_WARN_UNINITIALIZED_AUTOS = YES_AGGRESSIVE;
				GCC_WARN_UNUSED_FUNCTION = YES;
				GCC_WARN_UNUSED_VARIABLE = YES;
				IPHONEOS_DEPLOYMENT_TARGET = 15.6;
				MTL_ENABLE_DEBUG_INFO = NO;
				MTL_FAST_MATH = YES;
				SDKROOT = iphoneos;
				SWIFT_COMPILATION_MODE = wholemodule;
				SWIFT_OPTIMIZATION_LEVEL = "-O";
				VALIDATE_PRODUCT = YES;
			};
			name = Release;
		};
		356516D0291C51F5006A460B /* Debug */ = {
			isa = XCBuildConfiguration;
			buildSettings = {
				ASSETCATALOG_COMPILER_APPICON_NAME = AppIcon;
				ASSETCATALOG_COMPILER_GLOBAL_ACCENT_COLOR_NAME = AccentColor;
				CLANG_ENABLE_MODULES = YES;
				CODE_SIGN_STYLE = Automatic;
				CURRENT_PROJECT_VERSION = 1;
				DEVELOPMENT_ASSET_PATHS = "\"PolishBanknotesApp/Preview Content\"";
				DEVELOPMENT_TEAM = D5A6A8T3T3;
				ENABLE_PREVIEWS = YES;
				GENERATE_INFOPLIST_FILE = YES;
				INFOPLIST_FILE = PolishBanknotesApp/Info.plist;
				INFOPLIST_KEY_CFBundleDisplayName = "";
				INFOPLIST_KEY_LSApplicationCategoryType = "public.app-category.utilities";
				INFOPLIST_KEY_NSCameraUsageDescription = "";
				INFOPLIST_KEY_UIApplicationSupportsIndirectInputEvents = YES;
				INFOPLIST_KEY_UILaunchScreen_Generation = YES;
				INFOPLIST_KEY_UIStatusBarStyle = "";
				INFOPLIST_KEY_UISupportedInterfaceOrientations_iPad = "UIInterfaceOrientationPortrait UIInterfaceOrientationPortraitUpsideDown UIInterfaceOrientationLandscapeLeft UIInterfaceOrientationLandscapeRight";
				INFOPLIST_KEY_UISupportedInterfaceOrientations_iPhone = "UIInterfaceOrientationPortrait UIInterfaceOrientationLandscapeLeft UIInterfaceOrientationLandscapeRight";
				IPHONEOS_DEPLOYMENT_TARGET = 15.6;
				LD_RUNPATH_SEARCH_PATHS = (
					"$(inherited)",
					"@executable_path/Frameworks",
				);
				MARKETING_VERSION = 1.0;
				PRODUCT_BUNDLE_IDENTIFIER = pl.edu.pg.student.PolishBanknotesApp;
				PRODUCT_NAME = "$(TARGET_NAME)";
				SWIFT_EMIT_LOC_STRINGS = YES;
				SWIFT_OPTIMIZATION_LEVEL = "-Onone";
				SWIFT_VERSION = 5.0;
				TARGETED_DEVICE_FAMILY = "1,2";
			};
			name = Debug;
		};
		356516D1291C51F5006A460B /* Release */ = {
			isa = XCBuildConfiguration;
			buildSettings = {
				ASSETCATALOG_COMPILER_APPICON_NAME = AppIcon;
				ASSETCATALOG_COMPILER_GLOBAL_ACCENT_COLOR_NAME = AccentColor;
				CLANG_ENABLE_MODULES = YES;
				CODE_SIGN_STYLE = Automatic;
				CURRENT_PROJECT_VERSION = 1;
				DEVELOPMENT_ASSET_PATHS = "\"PolishBanknotesApp/Preview Content\"";
				DEVELOPMENT_TEAM = D5A6A8T3T3;
				ENABLE_PREVIEWS = YES;
				GENERATE_INFOPLIST_FILE = YES;
				INFOPLIST_FILE = PolishBanknotesApp/Info.plist;
				INFOPLIST_KEY_CFBundleDisplayName = "";
				INFOPLIST_KEY_LSApplicationCategoryType = "public.app-category.utilities";
				INFOPLIST_KEY_NSCameraUsageDescription = "";
				INFOPLIST_KEY_UIApplicationSupportsIndirectInputEvents = YES;
				INFOPLIST_KEY_UILaunchScreen_Generation = YES;
				INFOPLIST_KEY_UIStatusBarStyle = "";
				INFOPLIST_KEY_UISupportedInterfaceOrientations_iPad = "UIInterfaceOrientationPortrait UIInterfaceOrientationPortraitUpsideDown UIInterfaceOrientationLandscapeLeft UIInterfaceOrientationLandscapeRight";
				INFOPLIST_KEY_UISupportedInterfaceOrientations_iPhone = "UIInterfaceOrientationPortrait UIInterfaceOrientationLandscapeLeft UIInterfaceOrientationLandscapeRight";
				IPHONEOS_DEPLOYMENT_TARGET = 15.6;
				LD_RUNPATH_SEARCH_PATHS = (
					"$(inherited)",
					"@executable_path/Frameworks",
				);
				MARKETING_VERSION = 1.0;
				PRODUCT_BUNDLE_IDENTIFIER = pl.edu.pg.student.PolishBanknotesApp;
				PRODUCT_NAME = "$(TARGET_NAME)";
				SWIFT_EMIT_LOC_STRINGS = YES;
				SWIFT_VERSION = 5.0;
				TARGETED_DEVICE_FAMILY = "1,2";
			};
			name = Release;
		};
/* End XCBuildConfiguration section */

/* Begin XCConfigurationList section */
		356516BC291C51F4006A460B /* Build configuration list for PBXProject "PolishBanknotesApp" */ = {
			isa = XCConfigurationList;
			buildConfigurations = (
				356516CD291C51F5006A460B /* Debug */,
				356516CE291C51F5006A460B /* Release */,
			);
			defaultConfigurationIsVisible = 0;
			defaultConfigurationName = Release;
		};
		356516CF291C51F5006A460B /* Build configuration list for PBXNativeTarget "PolishBanknotesApp" */ = {
			isa = XCConfigurationList;
			buildConfigurations = (
				356516D0291C51F5006A460B /* Debug */,
				356516D1291C51F5006A460B /* Release */,
			);
			defaultConfigurationIsVisible = 0;
			defaultConfigurationName = Release;
		};
/* End XCConfigurationList section */
	};
	rootObject = 356516B9291C51F4006A460B /* Project object */;
}
